// !$*UTF8*$!
{
	archiveVersion = 1;
	classes = {
	};
	objectVersion = 46;
	objects = {

/* Begin PBXBuildFile section */
		0346DBC98A2252607F0EF3BB /* libPods-InstagramAPI-Sample.a in Frameworks */ = {isa = PBXBuildFile; fileRef = 4FD154464404C47666F53BA9 /* libPods-InstagramAPI-Sample.a */; };
		AF9BFC3C1A4F2CAB000B88BB /* main.m in Sources */ = {isa = PBXBuildFile; fileRef = AF9BFC3B1A4F2CAB000B88BB /* main.m */; };
		AF9BFC3F1A4F2CAB000B88BB /* AppDelegate.m in Sources */ = {isa = PBXBuildFile; fileRef = AF9BFC3E1A4F2CAB000B88BB /* AppDelegate.m */; };
		AF9BFC421A4F2CAB000B88BB /* ViewController.m in Sources */ = {isa = PBXBuildFile; fileRef = AF9BFC411A4F2CAB000B88BB /* ViewController.m */; };
		AF9BFC451A4F2CAB000B88BB /* Main.storyboard in Resources */ = {isa = PBXBuildFile; fileRef = AF9BFC431A4F2CAB000B88BB /* Main.storyboard */; };
		AF9BFC471A4F2CAB000B88BB /* Images.xcassets in Resources */ = {isa = PBXBuildFile; fileRef = AF9BFC461A4F2CAB000B88BB /* Images.xcassets */; };
		AF9BFC4A1A4F2CAB000B88BB /* LaunchScreen.xib in Resources */ = {isa = PBXBuildFile; fileRef = AF9BFC481A4F2CAB000B88BB /* LaunchScreen.xib */; };
		AF9BFC561A4F2CAB000B88BB /* InstagramAPI_SampleTests.m in Sources */ = {isa = PBXBuildFile; fileRef = AF9BFC551A4F2CAB000B88BB /* InstagramAPI_SampleTests.m */; };
		AF9BFC621A4F2EE8000B88BB /* RootTabBarViewController.m in Sources */ = {isa = PBXBuildFile; fileRef = AF9BFC611A4F2EE8000B88BB /* RootTabBarViewController.m */; };
		AF9BFC651A4F59A3000B88BB /* placeholder@2x.png in Resources */ = {isa = PBXBuildFile; fileRef = AF9BFC641A4F59A3000B88BB /* placeholder@2x.png */; };
		AF9BFC711A4F5D53000B88BB /* Default-568h@2x.png in Resources */ = {isa = PBXBuildFile; fileRef = AF9BFC6F1A4F5D53000B88BB /* Default-568h@2x.png */; };
		AF9BFC721A4F5D53000B88BB /* Default-667h@2x.png in Resources */ = {isa = PBXBuildFile; fileRef = AF9BFC701A4F5D53000B88BB /* Default-667h@2x.png */; };
		AF9BFC741A4F5DE5000B88BB /* Default-736h@3x.png in Resources */ = {isa = PBXBuildFile; fileRef = AF9BFC731A4F5DE5000B88BB /* Default-736h@3x.png */; };
		AF9BFC811A4F653F000B88BB /* MyProfileViewController.m in Sources */ = {isa = PBXBuildFile; fileRef = AF9BFC801A4F653F000B88BB /* MyProfileViewController.m */; };
		AF9BFC841A4F6DD4000B88BB /* UserDataManager.m in Sources */ = {isa = PBXBuildFile; fileRef = AF9BFC831A4F6DD4000B88BB /* UserDataManager.m */; };
		AF9BFC881A4F7CF9000B88BB /* QuartzCore.framework in Frameworks */ = {isa = PBXBuildFile; fileRef = AF9BFC871A4F7CF9000B88BB /* QuartzCore.framework */; };
/* End PBXBuildFile section */

/* Begin PBXContainerItemProxy section */
		AF9BFC501A4F2CAB000B88BB /* PBXContainerItemProxy */ = {
			isa = PBXContainerItemProxy;
			containerPortal = AF9BFC2E1A4F2CAB000B88BB /* Project object */;
			proxyType = 1;
			remoteGlobalIDString = AF9BFC351A4F2CAB000B88BB;
			remoteInfo = "InstagramAPI-Sample";
		};
/* End PBXContainerItemProxy section */

/* Begin PBXFileReference section */
		10E09A9B1D76FFE357872FCB /* Pods-InstagramAPI-Sample.debug.xcconfig */ = {isa = PBXFileReference; includeInIndex = 1; lastKnownFileType = text.xcconfig; name = "Pods-InstagramAPI-Sample.debug.xcconfig"; path = "Pods/Target Support Files/Pods-InstagramAPI-Sample/Pods-InstagramAPI-Sample.debug.xcconfig"; sourceTree = "<group>"; };
		4FD154464404C47666F53BA9 /* libPods-InstagramAPI-Sample.a */ = {isa = PBXFileReference; explicitFileType = archive.ar; includeInIndex = 0; path = "libPods-InstagramAPI-Sample.a"; sourceTree = BUILT_PRODUCTS_DIR; };
		A313B00569D4DDE493192F79 /* Pods-InstagramAPI-Sample.release.xcconfig */ = {isa = PBXFileReference; includeInIndex = 1; lastKnownFileType = text.xcconfig; name = "Pods-InstagramAPI-Sample.release.xcconfig"; path = "Pods/Target Support Files/Pods-InstagramAPI-Sample/Pods-InstagramAPI-Sample.release.xcconfig"; sourceTree = "<group>"; };
		AF9BFC361A4F2CAB000B88BB /* InstagramAPI-Sample.app */ = {isa = PBXFileReference; explicitFileType = wrapper.application; includeInIndex = 0; path = "InstagramAPI-Sample.app"; sourceTree = BUILT_PRODUCTS_DIR; };
		AF9BFC3A1A4F2CAB000B88BB /* Info.plist */ = {isa = PBXFileReference; lastKnownFileType = text.plist.xml; path = Info.plist; sourceTree = "<group>"; };
		AF9BFC3B1A4F2CAB000B88BB /* main.m */ = {isa = PBXFileReference; lastKnownFileType = sourcecode.c.objc; path = main.m; sourceTree = "<group>"; };
		AF9BFC3D1A4F2CAB000B88BB /* AppDelegate.h */ = {isa = PBXFileReference; lastKnownFileType = sourcecode.c.h; path = AppDelegate.h; sourceTree = "<group>"; };
		AF9BFC3E1A4F2CAB000B88BB /* AppDelegate.m */ = {isa = PBXFileReference; lastKnownFileType = sourcecode.c.objc; path = AppDelegate.m; sourceTree = "<group>"; };
		AF9BFC401A4F2CAB000B88BB /* ViewController.h */ = {isa = PBXFileReference; lastKnownFileType = sourcecode.c.h; path = ViewController.h; sourceTree = "<group>"; };
		AF9BFC411A4F2CAB000B88BB /* ViewController.m */ = {isa = PBXFileReference; lastKnownFileType = sourcecode.c.objc; path = ViewController.m; sourceTree = "<group>"; };
		AF9BFC441A4F2CAB000B88BB /* Base */ = {isa = PBXFileReference; lastKnownFileType = file.storyboard; name = Base; path = Base.lproj/Main.storyboard; sourceTree = "<group>"; };
		AF9BFC461A4F2CAB000B88BB /* Images.xcassets */ = {isa = PBXFileReference; lastKnownFileType = folder.assetcatalog; path = Images.xcassets; sourceTree = "<group>"; };
		AF9BFC491A4F2CAB000B88BB /* Base */ = {isa = PBXFileReference; lastKnownFileType = file.xib; name = Base; path = Base.lproj/LaunchScreen.xib; sourceTree = "<group>"; };
		AF9BFC4F1A4F2CAB000B88BB /* InstagramAPI-SampleTests.xctest */ = {isa = PBXFileReference; explicitFileType = wrapper.cfbundle; includeInIndex = 0; path = "InstagramAPI-SampleTests.xctest"; sourceTree = BUILT_PRODUCTS_DIR; };
		AF9BFC541A4F2CAB000B88BB /* Info.plist */ = {isa = PBXFileReference; lastKnownFileType = text.plist.xml; path = Info.plist; sourceTree = "<group>"; };
		AF9BFC551A4F2CAB000B88BB /* InstagramAPI_SampleTests.m */ = {isa = PBXFileReference; lastKnownFileType = sourcecode.c.objc; path = InstagramAPI_SampleTests.m; sourceTree = "<group>"; };
		AF9BFC5F1A4F2D3B000B88BB /* APIManager.h */ = {isa = PBXFileReference; fileEncoding = 4; lastKnownFileType = sourcecode.c.h; path = APIManager.h; sourceTree = "<group>"; };
		AF9BFC601A4F2EE8000B88BB /* RootTabBarViewController.h */ = {isa = PBXFileReference; fileEncoding = 4; lastKnownFileType = sourcecode.c.h; path = RootTabBarViewController.h; sourceTree = "<group>"; };
		AF9BFC611A4F2EE8000B88BB /* RootTabBarViewController.m */ = {isa = PBXFileReference; fileEncoding = 4; lastKnownFileType = sourcecode.c.objc; path = RootTabBarViewController.m; sourceTree = "<group>"; };
		AF9BFC641A4F59A3000B88BB /* placeholder@2x.png */ = {isa = PBXFileReference; lastKnownFileType = image.png; path = "placeholder@2x.png"; sourceTree = "<group>"; };
		AF9BFC6F1A4F5D53000B88BB /* Default-568h@2x.png */ = {isa = PBXFileReference; lastKnownFileType = image.png; path = "Default-568h@2x.png"; sourceTree = "<group>"; };
		AF9BFC701A4F5D53000B88BB /* Default-667h@2x.png */ = {isa = PBXFileReference; lastKnownFileType = image.png; path = "Default-667h@2x.png"; sourceTree = "<group>"; };
		AF9BFC731A4F5DE5000B88BB /* Default-736h@3x.png */ = {isa = PBXFileReference; lastKnownFileType = image.png; path = "Default-736h@3x.png"; sourceTree = "<group>"; };
		AF9BFC7F1A4F653F000B88BB /* MyProfileViewController.h */ = {isa = PBXFileReference; fileEncoding = 4; lastKnownFileType = sourcecode.c.h; path = MyProfileViewController.h; sourceTree = "<group>"; };
		AF9BFC801A4F653F000B88BB /* MyProfileViewController.m */ = {isa = PBXFileReference; fileEncoding = 4; lastKnownFileType = sourcecode.c.objc; path = MyProfileViewController.m; sourceTree = "<group>"; };
		AF9BFC821A4F6DD4000B88BB /* UserDataManager.h */ = {isa = PBXFileReference; fileEncoding = 4; lastKnownFileType = sourcecode.c.h; path = UserDataManager.h; sourceTree = "<group>"; };
		AF9BFC831A4F6DD4000B88BB /* UserDataManager.m */ = {isa = PBXFileReference; fileEncoding = 4; lastKnownFileType = sourcecode.c.objc; path = UserDataManager.m; sourceTree = "<group>"; };
		AF9BFC871A4F7CF9000B88BB /* QuartzCore.framework */ = {isa = PBXFileReference; lastKnownFileType = wrapper.framework; name = QuartzCore.framework; path = System/Library/Frameworks/QuartzCore.framework; sourceTree = SDKROOT; };
/* End PBXFileReference section */

/* Begin PBXFrameworksBuildPhase section */
		AF9BFC331A4F2CAB000B88BB /* Frameworks */ = {
			isa = PBXFrameworksBuildPhase;
			buildActionMask = 2147483647;
			files = (
				AF9BFC881A4F7CF9000B88BB /* QuartzCore.framework in Frameworks */,
				0346DBC98A2252607F0EF3BB /* libPods-InstagramAPI-Sample.a in Frameworks */,
			);
			runOnlyForDeploymentPostprocessing = 0;
		};
		AF9BFC4C1A4F2CAB000B88BB /* Frameworks */ = {
			isa = PBXFrameworksBuildPhase;
			buildActionMask = 2147483647;
			files = (
			);
			runOnlyForDeploymentPostprocessing = 0;
		};
/* End PBXFrameworksBuildPhase section */

/* Begin PBXGroup section */
		2A3752CE8B3ACD313BB3DF78 /* Pods */ = {
			isa = PBXGroup;
			children = (
				10E09A9B1D76FFE357872FCB /* Pods-InstagramAPI-Sample.debug.xcconfig */,
				A313B00569D4DDE493192F79 /* Pods-InstagramAPI-Sample.release.xcconfig */,
			);
			name = Pods;
			sourceTree = "<group>";
		};
		5473B9C5F4FBBBD4787FF13D /* Frameworks */ = {
			isa = PBXGroup;
			children = (
				AF9BFC871A4F7CF9000B88BB /* QuartzCore.framework */,
				4FD154464404C47666F53BA9 /* libPods-InstagramAPI-Sample.a */,
			);
			name = Frameworks;
			sourceTree = "<group>";
		};
		AF9BFC2D1A4F2CAB000B88BB = {
			isa = PBXGroup;
			children = (
				AF9BFC381A4F2CAB000B88BB /* InstagramAPI-Sample */,
				AF9BFC521A4F2CAB000B88BB /* InstagramAPI-SampleTests */,
				AF9BFC371A4F2CAB000B88BB /* Products */,
				2A3752CE8B3ACD313BB3DF78 /* Pods */,
				5473B9C5F4FBBBD4787FF13D /* Frameworks */,
			);
			sourceTree = "<group>";
		};
		AF9BFC371A4F2CAB000B88BB /* Products */ = {
			isa = PBXGroup;
			children = (
				AF9BFC361A4F2CAB000B88BB /* InstagramAPI-Sample.app */,
				AF9BFC4F1A4F2CAB000B88BB /* InstagramAPI-SampleTests.xctest */,
			);
			name = Products;
			sourceTree = "<group>";
		};
		AF9BFC381A4F2CAB000B88BB /* InstagramAPI-Sample */ = {
			isa = PBXGroup;
			children = (
				AF9BFC631A4F5999000B88BB /* Images */,
				AF9BFC3D1A4F2CAB000B88BB /* AppDelegate.h */,
				AF9BFC3E1A4F2CAB000B88BB /* AppDelegate.m */,
				AF9BFC5F1A4F2D3B000B88BB /* APIManager.h */,
				AF9BFC821A4F6DD4000B88BB /* UserDataManager.h */,
				AF9BFC831A4F6DD4000B88BB /* UserDataManager.m */,
				AF9BFC601A4F2EE8000B88BB /* RootTabBarViewController.h */,
				AF9BFC611A4F2EE8000B88BB /* RootTabBarViewController.m */,
				AF9BFC401A4F2CAB000B88BB /* ViewController.h */,
				AF9BFC411A4F2CAB000B88BB /* ViewController.m */,
				AF9BFC7F1A4F653F000B88BB /* MyProfileViewController.h */,
				AF9BFC801A4F653F000B88BB /* MyProfileViewController.m */,
				AF9BFC781A4F5FF1000B88BB /* Storyboards */,
				AF9BFC461A4F2CAB000B88BB /* Images.xcassets */,
				AF9BFC481A4F2CAB000B88BB /* LaunchScreen.xib */,
				AF9BFC391A4F2CAB000B88BB /* Supporting Files */,
			);
			path = "InstagramAPI-Sample";
			sourceTree = "<group>";
		};
		AF9BFC391A4F2CAB000B88BB /* Supporting Files */ = {
			isa = PBXGroup;
			children = (
				AF9BFC3A1A4F2CAB000B88BB /* Info.plist */,
				AF9BFC3B1A4F2CAB000B88BB /* main.m */,
			);
			name = "Supporting Files";
			sourceTree = "<group>";
		};
		AF9BFC521A4F2CAB000B88BB /* InstagramAPI-SampleTests */ = {
			isa = PBXGroup;
			children = (
				AF9BFC551A4F2CAB000B88BB /* InstagramAPI_SampleTests.m */,
				AF9BFC531A4F2CAB000B88BB /* Supporting Files */,
			);
			path = "InstagramAPI-SampleTests";
			sourceTree = "<group>";
		};
		AF9BFC531A4F2CAB000B88BB /* Supporting Files */ = {
			isa = PBXGroup;
			children = (
				AF9BFC541A4F2CAB000B88BB /* Info.plist */,
			);
			name = "Supporting Files";
			sourceTree = "<group>";
		};
		AF9BFC631A4F5999000B88BB /* Images */ = {
			isa = PBXGroup;
			children = (
				AF9BFC6E1A4F5D53000B88BB /* Defaults */,
				AF9BFC641A4F59A3000B88BB /* placeholder@2x.png */,
			);
			path = Images;
			sourceTree = "<group>";
		};
		AF9BFC6E1A4F5D53000B88BB /* Defaults */ = {
			isa = PBXGroup;
			children = (
				AF9BFC6F1A4F5D53000B88BB /* Default-568h@2x.png */,
				AF9BFC731A4F5DE5000B88BB /* Default-736h@3x.png */,
				AF9BFC701A4F5D53000B88BB /* Default-667h@2x.png */,
			);
			path = Defaults;
			sourceTree = "<group>";
		};
		AF9BFC781A4F5FF1000B88BB /* Storyboards */ = {
			isa = PBXGroup;
			children = (
				AF9BFC431A4F2CAB000B88BB /* Main.storyboard */,
			);
			name = Storyboards;
			sourceTree = "<group>";
		};
/* End PBXGroup section */

/* Begin PBXNativeTarget section */
		AF9BFC351A4F2CAB000B88BB /* InstagramAPI-Sample */ = {
			isa = PBXNativeTarget;
			buildConfigurationList = AF9BFC591A4F2CAB000B88BB /* Build configuration list for PBXNativeTarget "InstagramAPI-Sample" */;
			buildPhases = (
				1BAEB26E97BDE459DA243CD6 /* Check Pods Manifest.lock */,
				AF9BFC321A4F2CAB000B88BB /* Sources */,
				AF9BFC331A4F2CAB000B88BB /* Frameworks */,
				AF9BFC341A4F2CAB000B88BB /* Resources */,
				A69E4C52407D6DEF71AC23A6 /* Copy Pods Resources */,
			);
			buildRules = (
			);
			dependencies = (
			);
			name = "InstagramAPI-Sample";
			productName = "InstagramAPI-Sample";
			productReference = AF9BFC361A4F2CAB000B88BB /* InstagramAPI-Sample.app */;
			productType = "com.apple.product-type.application";
		};
		AF9BFC4E1A4F2CAB000B88BB /* InstagramAPI-SampleTests */ = {
			isa = PBXNativeTarget;
			buildConfigurationList = AF9BFC5C1A4F2CAB000B88BB /* Build configuration list for PBXNativeTarget "InstagramAPI-SampleTests" */;
			buildPhases = (
				AF9BFC4B1A4F2CAB000B88BB /* Sources */,
				AF9BFC4C1A4F2CAB000B88BB /* Frameworks */,
				AF9BFC4D1A4F2CAB000B88BB /* Resources */,
			);
			buildRules = (
			);
			dependencies = (
				AF9BFC511A4F2CAB000B88BB /* PBXTargetDependency */,
			);
			name = "InstagramAPI-SampleTests";
			productName = "InstagramAPI-SampleTests";
			productReference = AF9BFC4F1A4F2CAB000B88BB /* InstagramAPI-SampleTests.xctest */;
			productType = "com.apple.product-type.bundle.unit-test";
		};
/* End PBXNativeTarget section */

/* Begin PBXProject section */
		AF9BFC2E1A4F2CAB000B88BB /* Project object */ = {
			isa = PBXProject;
			attributes = {
				LastUpgradeCheck = 0610;
				ORGANIZATIONNAME = net.masuhara;
				TargetAttributes = {
					AF9BFC351A4F2CAB000B88BB = {
						CreatedOnToolsVersion = 6.1;
						DevelopmentTeam = XFUA4YPVDB;
					};
					AF9BFC4E1A4F2CAB000B88BB = {
						CreatedOnToolsVersion = 6.1;
						TestTargetID = AF9BFC351A4F2CAB000B88BB;
					};
				};
			};
			buildConfigurationList = AF9BFC311A4F2CAB000B88BB /* Build configuration list for PBXProject "InstagramAPI-Sample" */;
			compatibilityVersion = "Xcode 3.2";
			developmentRegion = English;
			hasScannedForEncodings = 0;
			knownRegions = (
				en,
				Base,
			);
			mainGroup = AF9BFC2D1A4F2CAB000B88BB;
			productRefGroup = AF9BFC371A4F2CAB000B88BB /* Products */;
			projectDirPath = "";
			projectRoot = "";
			targets = (
				AF9BFC351A4F2CAB000B88BB /* InstagramAPI-Sample */,
				AF9BFC4E1A4F2CAB000B88BB /* InstagramAPI-SampleTests */,
			);
		};
/* End PBXProject section */

/* Begin PBXResourcesBuildPhase section */
		AF9BFC341A4F2CAB000B88BB /* Resources */ = {
			isa = PBXResourcesBuildPhase;
			buildActionMask = 2147483647;
			files = (
				AF9BFC451A4F2CAB000B88BB /* Main.storyboard in Resources */,
				AF9BFC721A4F5D53000B88BB /* Default-667h@2x.png in Resources */,
				AF9BFC4A1A4F2CAB000B88BB /* LaunchScreen.xib in Resources */,
				AF9BFC651A4F59A3000B88BB /* placeholder@2x.png in Resources */,
				AF9BFC711A4F5D53000B88BB /* Default-568h@2x.png in Resources */,
				AF9BFC471A4F2CAB000B88BB /* Images.xcassets in Resources */,
				AF9BFC741A4F5DE5000B88BB /* Default-736h@3x.png in Resources */,
			);
			runOnlyForDeploymentPostprocessing = 0;
		};
		AF9BFC4D1A4F2CAB000B88BB /* Resources */ = {
			isa = PBXResourcesBuildPhase;
			buildActionMask = 2147483647;
			files = (
			);
			runOnlyForDeploymentPostprocessing = 0;
		};
/* End PBXResourcesBuildPhase section */

/* Begin PBXShellScriptBuildPhase section */
		1BAEB26E97BDE459DA243CD6 /* Check Pods Manifest.lock */ = {
			isa = PBXShellScriptBuildPhase;
			buildActionMask = 2147483647;
			files = (
			);
			inputPaths = (
			);
			name = "Check Pods Manifest.lock";
			outputPaths = (
			);
			runOnlyForDeploymentPostprocessing = 0;
			shellPath = /bin/sh;
			shellScript = "diff \"${PODS_ROOT}/../Podfile.lock\" \"${PODS_ROOT}/Manifest.lock\" > /dev/null\nif [[ $? != 0 ]] ; then\n    cat << EOM\nerror: The sandbox is not in sync with the Podfile.lock. Run 'pod install' or update your CocoaPods installation.\nEOM\n    exit 1\nfi\n";
			showEnvVarsInLog = 0;
		};
		A69E4C52407D6DEF71AC23A6 /* Copy Pods Resources */ = {
			isa = PBXShellScriptBuildPhase;
			buildActionMask = 2147483647;
			files = (
			);
			inputPaths = (
			);
			name = "Copy Pods Resources";
			outputPaths = (
			);
			runOnlyForDeploymentPostprocessing = 0;
			shellPath = /bin/sh;
			shellScript = "\"${SRCROOT}/Pods/Target Support Files/Pods-InstagramAPI-Sample/Pods-InstagramAPI-Sample-resources.sh\"\n";
			showEnvVarsInLog = 0;
		};
/* End PBXShellScriptBuildPhase section */

/* Begin PBXSourcesBuildPhase section */
		AF9BFC321A4F2CAB000B88BB /* Sources */ = {
			isa = PBXSourcesBuildPhase;
			buildActionMask = 2147483647;
			files = (
				AF9BFC841A4F6DD4000B88BB /* UserDataManager.m in Sources */,
				AF9BFC621A4F2EE8000B88BB /* RootTabBarViewController.m in Sources */,
				AF9BFC421A4F2CAB000B88BB /* ViewController.m in Sources */,
				AF9BFC811A4F653F000B88BB /* MyProfileViewController.m in Sources */,
				AF9BFC3F1A4F2CAB000B88BB /* AppDelegate.m in Sources */,
				AF9BFC3C1A4F2CAB000B88BB /* main.m in Sources */,
			);
			runOnlyForDeploymentPostprocessing = 0;
		};
		AF9BFC4B1A4F2CAB000B88BB /* Sources */ = {
			isa = PBXSourcesBuildPhase;
			buildActionMask = 2147483647;
			files = (
				AF9BFC561A4F2CAB000B88BB /* InstagramAPI_SampleTests.m in Sources */,
			);
			runOnlyForDeploymentPostprocessing = 0;
		};
/* End PBXSourcesBuildPhase section */

/* Begin PBXTargetDependency section */
		AF9BFC511A4F2CAB000B88BB /* PBXTargetDependency */ = {
			isa = PBXTargetDependency;
			target = AF9BFC351A4F2CAB000B88BB /* InstagramAPI-Sample */;
			targetProxy = AF9BFC501A4F2CAB000B88BB /* PBXContainerItemProxy */;
		};
/* End PBXTargetDependency section */

/* Begin PBXVariantGroup section */
		AF9BFC431A4F2CAB000B88BB /* Main.storyboard */ = {
			isa = PBXVariantGroup;
			children = (
				AF9BFC441A4F2CAB000B88BB /* Base */,
			);
			name = Main.storyboard;
			sourceTree = "<group>";
		};
		AF9BFC481A4F2CAB000B88BB /* LaunchScreen.xib */ = {
			isa = PBXVariantGroup;
			children = (
				AF9BFC491A4F2CAB000B88BB /* Base */,
			);
			name = LaunchScreen.xib;
			sourceTree = "<group>";
		};
/* End PBXVariantGroup section */

/* Begin XCBuildConfiguration section */
		AF9BFC571A4F2CAB000B88BB /* Debug */ = {
			isa = XCBuildConfiguration;
			buildSettings = {
				ALWAYS_SEARCH_USER_PATHS = NO;
				CLANG_CXX_LANGUAGE_STANDARD = "gnu++0x";
				CLANG_CXX_LIBRARY = "libc++";
				CLANG_ENABLE_MODULES = YES;
				CLANG_ENABLE_OBJC_ARC = YES;
				CLANG_WARN_BOOL_CONVERSION = YES;
				CLANG_WARN_CONSTANT_CONVERSION = YES;
				CLANG_WARN_DIRECT_OBJC_ISA_USAGE = YES_ERROR;
				CLANG_WARN_EMPTY_BODY = YES;
				CLANG_WARN_ENUM_CONVERSION = YES;
				CLANG_WARN_INT_CONVERSION = YES;
				CLANG_WARN_OBJC_ROOT_CLASS = YES_ERROR;
				CLANG_WARN_UNREACHABLE_CODE = YES;
				CLANG_WARN__DUPLICATE_METHOD_MATCH = YES;
				"CODE_SIGN_IDENTITY[sdk=iphoneos*]" = "iPhone Developer";
				COPY_PHASE_STRIP = NO;
				ENABLE_STRICT_OBJC_MSGSEND = YES;
				GCC_C_LANGUAGE_STANDARD = gnu99;
				GCC_DYNAMIC_NO_PIC = NO;
				GCC_OPTIMIZATION_LEVEL = 0;
				GCC_PREPROCESSOR_DEFINITIONS = (
					"DEBUG=1",
					"$(inherited)",
				);
				GCC_SYMBOLS_PRIVATE_EXTERN = NO;
				GCC_WARN_64_TO_32_BIT_CONVERSION = YES;
				GCC_WARN_ABOUT_RETURN_TYPE = YES_ERROR;
				GCC_WARN_UNDECLARED_SELECTOR = YES;
				GCC_WARN_UNINITIALIZED_AUTOS = YES_AGGRESSIVE;
				GCC_WARN_UNUSED_FUNCTION = YES;
				GCC_WARN_UNUSED_VARIABLE = YES;
				IPHONEOS_DEPLOYMENT_TARGET = 8.1;
				MTL_ENABLE_DEBUG_INFO = YES;
				ONLY_ACTIVE_ARCH = YES;
				SDKROOT = iphoneos;
			};
			name = Debug;
		};
		AF9BFC581A4F2CAB000B88BB /* Release */ = {
			isa = XCBuildConfiguration;
			buildSettings = {
				ALWAYS_SEARCH_USER_PATHS = NO;
				CLANG_CXX_LANGUAGE_STANDARD = "gnu++0x";
				CLANG_CXX_LIBRARY = "libc++";
				CLANG_ENABLE_MODULES = YES;
				CLANG_ENABLE_OBJC_ARC = YES;
				CLANG_WARN_BOOL_CONVERSION = YES;
				CLANG_WARN_CONSTANT_CONVERSION = YES;
				CLANG_WARN_DIRECT_OBJC_ISA_USAGE = YES_ERROR;
				CLANG_WARN_EMPTY_BODY = YES;
				CLANG_WARN_ENUM_CONVERSION = YES;
				CLANG_WARN_INT_CONVERSION = YES;
				CLANG_WARN_OBJC_ROOT_CLASS = YES_ERROR;
				CLANG_WARN_UNREACHABLE_CODE = YES;
				CLANG_WARN__DUPLICATE_METHOD_MATCH = YES;
				"CODE_SIGN_IDENTITY[sdk=iphoneos*]" = "iPhone Developer";
				COPY_PHASE_STRIP = YES;
				ENABLE_NS_ASSERTIONS = NO;
				ENABLE_STRICT_OBJC_MSGSEND = YES;
				GCC_C_LANGUAGE_STANDARD = gnu99;
				GCC_WARN_64_TO_32_BIT_CONVERSION = YES;
				GCC_WARN_ABOUT_RETURN_TYPE = YES_ERROR;
				GCC_WARN_UNDECLARED_SELECTOR = YES;
				GCC_WARN_UNINITIALIZED_AUTOS = YES_AGGRESSIVE;
				GCC_WARN_UNUSED_FUNCTION = YES;
				GCC_WARN_UNUSED_VARIABLE = YES;
				IPHONEOS_DEPLOYMENT_TARGET = 8.1;
				MTL_ENABLE_DEBUG_INFO = NO;
				SDKROOT = iphoneos;
				VALIDATE_PRODUCT = YES;
			};
			name = Release;
		};
		AF9BFC5A1A4F2CAB000B88BB /* Debug */ = {
			isa = XCBuildConfiguration;
			baseConfigurationReference = 10E09A9B1D76FFE357872FCB /* Pods-InstagramAPI-Sample.debug.xcconfig */;
			buildSettings = {
				ASSETCATALOG_COMPILER_APPICON_NAME = AppIcon;
				CODE_SIGN_IDENTITY = "iPhone Developer";
				"CODE_SIGN_IDENTITY[sdk=iphoneos*]" = "iPhone Developer";
				INFOPLIST_FILE = "InstagramAPI-Sample/Info.plist";
				IPHONEOS_DEPLOYMENT_TARGET = 7.0;
				LD_RUNPATH_SEARCH_PATHS = "$(inherited) @executable_path/Frameworks";
				PRODUCT_NAME = "$(TARGET_NAME)";
				PROVISIONING_PROFILE = "";
			};
			name = Debug;
		};
		AF9BFC5B1A4F2CAB000B88BB /* Release */ = {
			isa = XCBuildConfiguration;
			baseConfigurationReference = A313B00569D4DDE493192F79 /* Pods-InstagramAPI-Sample.release.xcconfig */;
			buildSettings = {
				ASSETCATALOG_COMPILER_APPICON_NAME = AppIcon;
				CODE_SIGN_IDENTITY = "iPhone Developer";
				"CODE_SIGN_IDENTITY[sdk=iphoneos*]" = "iPhone Developer";
				INFOPLIST_FILE = "InstagramAPI-Sample/Info.plist";
				IPHONEOS_DEPLOYMENT_TARGET = 7.0;
				LD_RUNPATH_SEARCH_PATHS = "$(inherited) @executable_path/Frameworks";
				PRODUCT_NAME = "$(TARGET_NAME)";
				PROVISIONING_PROFILE = "";
			};
			name = Release;
		};
		AF9BFC5D1A4F2CAB000B88BB /* Debug */ = {
			isa = XCBuildConfiguration;
			buildSettings = {
				BUNDLE_LOADER = "$(TEST_HOST)";
				FRAMEWORK_SEARCH_PATHS = (
					"$(SDKROOT)/Developer/Library/Frameworks",
					"$(inherited)",
				);
				GCC_PREPROCESSOR_DEFINITIONS = (
					"DEBUG=1",
					"$(inherited)",
				);
				INFOPLIST_FILE = "InstagramAPI-SampleTests/Info.plist";
				LD_RUNPATH_SEARCH_PATHS = "$(inherited) @executable_path/Frameworks @loader_path/Frameworks";
				PRODUCT_NAME = "$(TARGET_NAME)";
				TEST_HOST = "$(BUILT_PRODUCTS_DIR)/InstagramAPI-Sample.app/InstagramAPI-Sample";
			};
			name = Debug;
		};
		AF9BFC5E1A4F2CAB000B88BB /* Release */ = {
			isa = XCBuildConfiguration;
			buildSettings = {
				BUNDLE_LOADER = "$(TEST_HOST)";
				FRAMEWORK_SEARCH_PATHS = (
					"$(SDKROOT)/Developer/Library/Frameworks",
					"$(inherited)",
				);
				INFOPLIST_FILE = "InstagramAPI-SampleTests/Info.plist";
				LD_RUNPATH_SEARCH_PATHS = "$(inherited) @executable_path/Frameworks @loader_path/Frameworks";
				PRODUCT_NAME = "$(TARGET_NAME)";
				TEST_HOST = "$(BUILT_PRODUCTS_DIR)/InstagramAPI-Sample.app/InstagramAPI-Sample";
			};
			name = Release;
		};
/* End XCBuildConfiguration section */

/* Begin XCConfigurationList section */
		AF9BFC311A4F2CAB000B88BB /* Build configuration list for PBXProject "InstagramAPI-Sample" */ = {
			isa = XCConfigurationList;
			buildConfigurations = (
				AF9BFC571A4F2CAB000B88BB /* Debug */,
				AF9BFC581A4F2CAB000B88BB /* Release */,
			);
			defaultConfigurationIsVisible = 0;
			defaultConfigurationName = Release;
		};
		AF9BFC591A4F2CAB000B88BB /* Build configuration list for PBXNativeTarget "InstagramAPI-Sample" */ = {
			isa = XCConfigurationList;
			buildConfigurations = (
				AF9BFC5A1A4F2CAB000B88BB /* Debug */,
				AF9BFC5B1A4F2CAB000B88BB /* Release */,
			);
			defaultConfigurationIsVisible = 0;
			defaultConfigurationName = Release;
		};
		AF9BFC5C1A4F2CAB000B88BB /* Build configuration list for PBXNativeTarget "InstagramAPI-SampleTests" */ = {
			isa = XCConfigurationList;
			buildConfigurations = (
				AF9BFC5D1A4F2CAB000B88BB /* Debug */,
				AF9BFC5E1A4F2CAB000B88BB /* Release */,
			);
			defaultConfigurationIsVisible = 0;
			defaultConfigurationName = Release;
		};
/* End XCConfigurationList section */
	};
	rootObject = AF9BFC2E1A4F2CAB000B88BB /* Project object */;
}
