// !$*UTF8*$!
{
	archiveVersion = 1;
	classes = {
	};
	objectVersion = 46;
	objects = {

/* Begin PBXBuildFile section */
		AF9BFC3C1A4F2CAB000B88BB /* main.m in Sources */ = {isa = PBXBuildFile; fileRef = AF9BFC3B1A4F2CAB000B88BB /* main.m */; };
		AF9BFC3F1A4F2CAB000B88BB /* AppDelegate.m in Sources */ = {isa = PBXBuildFile; fileRef = AF9BFC3E1A4F2CAB000B88BB /* AppDelegate.m */; };
		AF9BFC421A4F2CAB000B88BB /* ViewController.m in Sources */ = {isa = PBXBuildFile; fileRef = AF9BFC411A4F2CAB000B88BB /* ViewController.m */; };
		AF9BFC451A4F2CAB000B88BB /* Main.storyboard in Resources */ = {isa = PBXBuildFile; fileRef = AF9BFC431A4F2CAB000B88BB /* Main.storyboard */; };
		AF9BFC471A4F2CAB000B88BB /* Images.xcassets in Resources */ = {isa = PBXBuildFile; fileRef = AF9BFC461A4F2CAB000B88BB /* Images.xcassets */; };
		AF9BFC4A1A4F2CAB000B88BB /* LaunchScreen.xib in Resources */ = {isa = PBXBuildFile; fileRef = AF9BFC481A4F2CAB000B88BB /* LaunchScreen.xib */; };
		AF9BFC561A4F2CAB000B88BB /* InstagramAPI_SampleTests.m in Sources */ = {isa = PBXBuildFile; fileRef = AF9BFC551A4F2CAB000B88BB /* InstagramAPI_SampleTests.m */; };
		AF9BFC621A4F2EE8000B88BB /* RootTabBarViewController.m in Sources */ = {isa = PBXBuildFile; fileRef = AF9BFC611A4F2EE8000B88BB /* RootTabBarViewController.m */; };
/* End PBXBuildFile section */

/* Begin PBXContainerItemProxy section */
		AF9BFC501A4F2CAB000B88BB /* PBXContainerItemProxy */ = {
			isa = PBXContainerItemProxy;
			containerPortal = AF9BFC2E1A4F2CAB000B88BB /* Project object */;
			proxyType = 1;
			remoteGlobalIDString = AF9BFC351A4F2CAB000B88BB;
			remoteInfo = "InstagramAPI-Sample";
		};
/* End PBXContainerItemProxy section */

/* Begin PBXFileReference section */
		AF9BFC361A4F2CAB000B88BB /* InstagramAPI-Sample.app */ = {isa = PBXFileReference; explicitFileType = wrapper.application; includeInIndex = 0; path = "InstagramAPI-Sample.app"; sourceTree = BUILT_PRODUCTS_DIR; };
		AF9BFC3A1A4F2CAB000B88BB /* Info.plist */ = {isa = PBXFileReference; lastKnownFileType = text.plist.xml; path = Info.plist; sourceTree = "<group>"; };
		AF9BFC3B1A4F2CAB000B88BB /* main.m */ = {isa = PBXFileReference; lastKnownFileType = sourcecode.c.objc; path = main.m; sourceTree = "<group>"; };
		AF9BFC3D1A4F2CAB000B88BB /* AppDelegate.h */ = {isa = PBXFileReference; lastKnownFileType = sourcecode.c.h; path = AppDelegate.h; sourceTree = "<group>"; };
		AF9BFC3E1A4F2CAB000B88BB /* AppDelegate.m */ = {isa = PBXFileReference; lastKnownFileType = sourcecode.c.objc; path = AppDelegate.m; sourceTree = "<group>"; };
		AF9BFC401A4F2CAB000B88BB /* ViewController.h */ = {isa = PBXFileReference; lastKnownFileType = sourcecode.c.h; path = ViewController.h; sourceTree = "<group>"; };
		AF9BFC411A4F2CAB000B88BB /* ViewController.m */ = {isa = PBXFileReference; lastKnownFileType = sourcecode.c.objc; path = ViewController.m; sourceTree = "<group>"; };
		AF9BFC441A4F2CAB000B88BB /* Base */ = {isa = PBXFileReference; lastKnownFileType = file.storyboard; name = Base; path = Base.lproj/Main.storyboard; sourceTree = "<group>"; };
		AF9BFC461A4F2CAB000B88BB /* Images.xcassets */ = {isa = PBXFileReference; lastKnownFileType = folder.assetcatalog; path = Images.xcassets; sourceTree = "<group>"; };
		AF9BFC491A4F2CAB000B88BB /* Base */ = {isa = PBXFileReference; lastKnownFileType = file.xib; name = Base; path = Base.lproj/LaunchScreen.xib; sourceTree = "<group>"; };
		AF9BFC4F1A4F2CAB000B88BB /* InstagramAPI-SampleTests.xctest */ = {isa = PBXFileReference; explicitFileType = wrapper.cfbundle; includeInIndex = 0; path = "InstagramAPI-SampleTests.xctest"; sourceTree = BUILT_PRODUCTS_DIR; };
		AF9BFC541A4F2CAB000B88BB /* Info.plist */ = {isa = PBXFileReference; lastKnownFileType = text.plist.xml; path = Info.plist; sourceTree = "<group>"; };
		AF9BFC551A4F2CAB000B88BB /* InstagramAPI_SampleTests.m */ = {isa = PBXFileReference; lastKnownFileType = sourcecode.c.objc; path = InstagramAPI_SampleTests.m; sourceTree = "<group>"; };
		AF9BFC5F1A4F2D3B000B88BB /* APIManager.h */ = {isa = PBXFileReference; fileEncoding = 4; lastKnownFileType = sourcecode.c.h; path = APIManager.h; sourceTree = "<group>"; };
		AF9BFC601A4F2EE8000B88BB /* RootTabBarViewController.h */ = {isa = PBXFileReference; fileEncoding = 4; lastKnownFileType = sourcecode.c.h; path = RootTabBarViewController.h; sourceTree = "<group>"; };
		AF9BFC611A4F2EE8000B88BB /* RootTabBarViewController.m */ = {isa = PBXFileReference; fileEncoding = 4; lastKnownFileType = sourcecode.c.objc; path = RootTabBarViewController.m; sourceTree = "<group>"; };
/* End PBXFileReference section */

/* Begin PBXFrameworksBuildPhase section */
		AF9BFC331A4F2CAB000B88BB /* Frameworks */ = {
			isa = PBXFrameworksBuildPhase;
			buildActionMask = 2147483647;
			files = (
			);
			runOnlyForDeploymentPostprocessing = 0;
		};
		AF9BFC4C1A4F2CAB000B88BB /* Frameworks */ = {
			isa = PBXFrameworksBuildPhase;
			buildActionMask = 2147483647;
			files = (
			);
			runOnlyForDeploymentPostprocessing = 0;
		};
/* End PBXFrameworksBuildPhase section */

/* Begin PBXGroup section */
		AF9BFC2D1A4F2CAB000B88BB = {
			isa = PBXGroup;
			children = (
				AF9BFC381A4F2CAB000B88BB /* InstagramAPI-Sample */,
				AF9BFC521A4F2CAB000B88BB /* InstagramAPI-SampleTests */,
				AF9BFC371A4F2CAB000B88BB /* Products */,
			);
			sourceTree = "<group>";
		};
		AF9BFC371A4F2CAB000B88BB /* Products */ = {
			isa = PBXGroup;
			children = (
				AF9BFC361A4F2CAB000B88BB /* InstagramAPI-Sample.app */,
				AF9BFC4F1A4F2CAB000B88BB /* InstagramAPI-SampleTests.xctest */,
			);
			name = Products;
			sourceTree = "<group>";
		};
		AF9BFC381A4F2CAB000B88BB /* InstagramAPI-Sample */ = {
			isa = PBXGroup;
			children = (
				AF9BFC3D1A4F2CAB000B88BB /* AppDelegate.h */,
				AF9BFC3E1A4F2CAB000B88BB /* AppDelegate.m */,
				AF9BFC5F1A4F2D3B000B88BB /* APIManager.h */,
				AF9BFC601A4F2EE8000B88BB /* RootTabBarViewController.h */,
				AF9BFC611A4F2EE8000B88BB /* RootTabBarViewController.m */,
				AF9BFC401A4F2CAB000B88BB /* ViewController.h */,
				AF9BFC411A4F2CAB000B88BB /* ViewController.m */,
				AF9BFC431A4F2CAB000B88BB /* Main.storyboard */,
				AF9BFC461A4F2CAB000B88BB /* Images.xcassets */,
				AF9BFC481A4F2CAB000B88BB /* LaunchScreen.xib */,
				AF9BFC391A4F2CAB000B88BB /* Supporting Files */,
			);
			path = "InstagramAPI-Sample";
			sourceTree = "<group>";
		};
		AF9BFC391A4F2CAB000B88BB /* Supporting Files */ = {
			isa = PBXGroup;
			children = (
				AF9BFC3A1A4F2CAB000B88BB /* Info.plist */,
				AF9BFC3B1A4F2CAB000B88BB /* main.m */,
			);
			name = "Supporting Files";
			sourceTree = "<group>";
		};
		AF9BFC521A4F2CAB000B88BB /* InstagramAPI-SampleTests */ = {
			isa = PBXGroup;
			children = (
				AF9BFC551A4F2CAB000B88BB /* InstagramAPI_SampleTests.m */,
				AF9BFC531A4F2CAB000B88BB /* Supporting Files */,
			);
			path = "InstagramAPI-SampleTests";
			sourceTree = "<group>";
		};
		AF9BFC531A4F2CAB000B88BB /* Supporting Files */ = {
			isa = PBXGroup;
			children = (
				AF9BFC541A4F2CAB000B88BB /* Info.plist */,
			);
			name = "Supporting Files";
			sourceTree = "<group>";
		};
/* End PBXGroup section */

/* Begin PBXNativeTarget section */
		AF9BFC351A4F2CAB000B88BB /* InstagramAPI-Sample */ = {
			isa = PBXNativeTarget;
			buildConfigurationList = AF9BFC591A4F2CAB000B88BB /* Build configuration list for PBXNativeTarget "InstagramAPI-Sample" */;
			buildPhases = (
				AF9BFC321A4F2CAB000B88BB /* Sources */,
				AF9BFC331A4F2CAB000B88BB /* Frameworks */,
				AF9BFC341A4F2CAB000B88BB /* Resources */,
			);
			buildRules = (
			);
			dependencies = (
			);
			name = "InstagramAPI-Sample";
			productName = "InstagramAPI-Sample";
			productReference = AF9BFC361A4F2CAB000B88BB /* InstagramAPI-Sample.app */;
			productType = "com.apple.product-type.application";
		};
		AF9BFC4E1A4F2CAB000B88BB /* InstagramAPI-SampleTests */ = {
			isa = PBXNativeTarget;
			buildConfigurationList = AF9BFC5C1A4F2CAB000B88BB /* Build configuration list for PBXNativeTarget "InstagramAPI-SampleTests" */;
			buildPhases = (
				AF9BFC4B1A4F2CAB000B88BB /* Sources */,
				AF9BFC4C1A4F2CAB000B88BB /* Frameworks */,
				AF9BFC4D1A4F2CAB000B88BB /* Resources */,
			);
			buildRules = (
			);
			dependencies = (
				AF9BFC511A4F2CAB000B88BB /* PBXTargetDependency */,
			);
			name = "InstagramAPI-SampleTests";
			productName = "InstagramAPI-SampleTests";
			productReference = AF9BFC4F1A4F2CAB000B88BB /* InstagramAPI-SampleTests.xctest */;
			productType = "com.apple.product-type.bundle.unit-test";
		};
/* End PBXNativeTarget section */

/* Begin PBXProject section */
		AF9BFC2E1A4F2CAB000B88BB /* Project object */ = {
			isa = PBXProject;
			attributes = {
				LastUpgradeCheck = 0610;
				ORGANIZATIONNAME = net.masuhara;
				TargetAttributes = {
					AF9BFC351A4F2CAB000B88BB = {
						CreatedOnToolsVersion = 6.1;
					};
					AF9BFC4E1A4F2CAB000B88BB = {
						CreatedOnToolsVersion = 6.1;
						TestTargetID = AF9BFC351A4F2CAB000B88BB;
					};
				};
			};
			buildConfigurationList = AF9BFC311A4F2CAB000B88BB /* Build configuration list for PBXProject "InstagramAPI-Sample" */;
			compatibilityVersion = "Xcode 3.2";
			developmentRegion = English;
			hasScannedForEncodings = 0;
			knownRegions = (
				en,
				Base,
			);
			mainGroup = AF9BFC2D1A4F2CAB000B88BB;
			productRefGroup = AF9BFC371A4F2CAB000B88BB /* Products */;
			projectDirPath = "";
			projectRoot = "";
			targets = (
				AF9BFC351A4F2CAB000B88BB /* InstagramAPI-Sample */,
				AF9BFC4E1A4F2CAB000B88BB /* InstagramAPI-SampleTests */,
			);
		};
/* End PBXProject section */

/* Begin PBXResourcesBuildPhase section */
		AF9BFC341A4F2CAB000B88BB /* Resources */ = {
			isa = PBXResourcesBuildPhase;
			buildActionMask = 2147483647;
			files = (
				AF9BFC451A4F2CAB000B88BB /* Main.storyboard in Resources */,
				AF9BFC4A1A4F2CAB000B88BB /* LaunchScreen.xib in Resources */,
				AF9BFC471A4F2CAB000B88BB /* Images.xcassets in Resources */,
			);
			runOnlyForDeploymentPostprocessing = 0;
		};
		AF9BFC4D1A4F2CAB000B88BB /* Resources */ = {
			isa = PBXResourcesBuildPhase;
			buildActionMask = 2147483647;
			files = (
			);
			runOnlyForDeploymentPostprocessing = 0;
		};
/* End PBXResourcesBuildPhase section */

/* Begin PBXSourcesBuildPhase section */
		AF9BFC321A4F2CAB000B88BB /* Sources */ = {
			isa = PBXSourcesBuildPhase;
			buildActionMask = 2147483647;
			files = (
				AF9BFC621A4F2EE8000B88BB /* RootTabBarViewController.m in Sources */,
				AF9BFC421A4F2CAB000B88BB /* ViewController.m in Sources */,
				AF9BFC3F1A4F2CAB000B88BB /* AppDelegate.m in Sources */,
				AF9BFC3C1A4F2CAB000B88BB /* main.m in Sources */,
			);
			runOnlyForDeploymentPostprocessing = 0;
		};
		AF9BFC4B1A4F2CAB000B88BB /* Sources */ = {
			isa = PBXSourcesBuildPhase;
			buildActionMask = 2147483647;
			files = (
				AF9BFC561A4F2CAB000B88BB /* InstagramAPI_SampleTests.m in Sources */,
			);
			runOnlyForDeploymentPostprocessing = 0;
		};
/* End PBXSourcesBuildPhase section */

/* Begin PBXTargetDependency section */
		AF9BFC511A4F2CAB000B88BB /* PBXTargetDependency */ = {
			isa = PBXTargetDependency;
			target = AF9BFC351A4F2CAB000B88BB /* InstagramAPI-Sample */;
			targetProxy = AF9BFC501A4F2CAB000B88BB /* PBXContainerItemProxy */;
		};
/* End PBXTargetDependency section */

/* Begin PBXVariantGroup section */
		AF9BFC431A4F2CAB000B88BB /* Main.storyboard */ = {
			isa = PBXVariantGroup;
			children = (
				AF9BFC441A4F2CAB000B88BB /* Base */,
			);
			name = Main.storyboard;
			sourceTree = "<group>";
		};
		AF9BFC481A4F2CAB000B88BB /* LaunchScreen.xib */ = {
			isa = PBXVariantGroup;
			children = (
				AF9BFC491A4F2CAB000B88BB /* Base */,
			);
			name = LaunchScreen.xib;
			sourceTree = "<group>";
		};
/* End PBXVariantGroup section */

/* Begin XCBuildConfiguration section */
		AF9BFC571A4F2CAB000B88BB /* Debug */ = {
			isa = XCBuildConfiguration;
			buildSettings = {
				ALWAYS_SEARCH_USER_PATHS = NO;
				CLANG_CXX_LANGUAGE_STANDARD = "gnu++0x";
				CLANG_CXX_LIBRARY = "libc++";
				CLANG_ENABLE_MODULES = YES;
				CLANG_ENABLE_OBJC_ARC = YES;
				CLANG_WARN_BOOL_CONVERSION = YES;
				CLANG_WARN_CONSTANT_CONVERSION = YES;
				CLANG_WARN_DIRECT_OBJC_ISA_USAGE = YES_ERROR;
				CLANG_WARN_EMPTY_BODY = YES;
				CLANG_WARN_ENUM_CONVERSION = YES;
				CLANG_WARN_INT_CONVERSION = YES;
				CLANG_WARN_OBJC_ROOT_CLASS = YES_ERROR;
				CLANG_WARN_UNREACHABLE_CODE = YES;
				CLANG_WARN__DUPLICATE_METHOD_MATCH = YES;
				"CODE_SIGN_IDENTITY[sdk=iphoneos*]" = "iPhone Developer";
				COPY_PHASE_STRIP = NO;
				ENABLE_STRICT_OBJC_MSGSEND = YES;
				GCC_C_LANGUAGE_STANDARD = gnu99;
				GCC_DYNAMIC_NO_PIC = NO;
				GCC_OPTIMIZATION_LEVEL = 0;
				GCC_PREPROCESSOR_DEFINITIONS = (
					"DEBUG=1",
					"$(inherited)",
				);
				GCC_SYMBOLS_PRIVATE_EXTERN = NO;
				GCC_WARN_64_TO_32_BIT_CONVERSION = YES;
				GCC_WARN_ABOUT_RETURN_TYPE = YES_ERROR;
				GCC_WARN_UNDECLARED_SELECTOR = YES;
				GCC_WARN_UNINITIALIZED_AUTOS = YES_AGGRESSIVE;
				GCC_WARN_UNUSED_FUNCTION = YES;
				GCC_WARN_UNUSED_VARIABLE = YES;
				IPHONEOS_DEPLOYMENT_TARGET = 8.1;
				MTL_ENABLE_DEBUG_INFO = YES;
				ONLY_ACTIVE_ARCH = YES;
				SDKROOT = iphoneos;
			};
			name = Debug;
		};
		AF9BFC581A4F2CAB000B88BB /* Release */ = {
			isa = XCBuildConfiguration;
			buildSettings = {
				ALWAYS_SEARCH_USER_PATHS = NO;
				CLANG_CXX_LANGUAGE_STANDARD = "gnu++0x";
				CLANG_CXX_LIBRARY = "libc++";
				CLANG_ENABLE_MODULES = YES;
				CLANG_ENABLE_OBJC_ARC = YES;
				CLANG_WARN_BOOL_CONVERSION = YES;
				CLANG_WARN_CONSTANT_CONVERSION = YES;
				CLANG_WARN_DIRECT_OBJC_ISA_USAGE = YES_ERROR;
				CLANG_WARN_EMPTY_BODY = YES;
				CLANG_WARN_ENUM_CONVERSION = YES;
				CLANG_WARN_INT_CONVERSION = YES;
				CLANG_WARN_OBJC_ROOT_CLASS = YES_ERROR;
				CLANG_WARN_UNREACHABLE_CODE = YES;
				CLANG_WARN__DUPLICATE_METHOD_MATCH = YES;
				"CODE_SIGN_IDENTITY[sdk=iphoneos*]" = "iPhone Developer";
				COPY_PHASE_STRIP = YES;
				ENABLE_NS_ASSERTIONS = NO;
				ENABLE_STRICT_OBJC_MSGSEND = YES;
				GCC_C_LANGUAGE_STANDARD = gnu99;
				GCC_WARN_64_TO_32_BIT_CONVERSION = YES;
				GCC_WARN_ABOUT_RETURN_TYPE = YES_ERROR;
				GCC_WARN_UNDECLARED_SELECTOR = YES;
				GCC_WARN_UNINITIALIZED_AUTOS = YES_AGGRESSIVE;
				GCC_WARN_UNUSED_FUNCTION = YES;
				GCC_WARN_UNUSED_VARIABLE = YES;
				IPHONEOS_DEPLOYMENT_TARGET = 8.1;
				MTL_ENABLE_DEBUG_INFO = NO;
				SDKROOT = iphoneos;
				VALIDATE_PRODUCT = YES;
			};
			name = Release;
		};
		AF9BFC5A1A4F2CAB000B88BB /* Debug */ = {
			isa = XCBuildConfiguration;
			buildSettings = {
				ASSETCATALOG_COMPILER_APPICON_NAME = AppIcon;
				INFOPLIST_FILE = "InstagramAPI-Sample/Info.plist";
				IPHONEOS_DEPLOYMENT_TARGET = 7.0;
				LD_RUNPATH_SEARCH_PATHS = "$(inherited) @executable_path/Frameworks";
				PRODUCT_NAME = "$(TARGET_NAME)";
			};
			name = Debug;
		};
		AF9BFC5B1A4F2CAB000B88BB /* Release */ = {
			isa = XCBuildConfiguration;
			buildSettings = {
				ASSETCATALOG_COMPILER_APPICON_NAME = AppIcon;
				INFOPLIST_FILE = "InstagramAPI-Sample/Info.plist";
				IPHONEOS_DEPLOYMENT_TARGET = 7.0;
				LD_RUNPATH_SEARCH_PATHS = "$(inherited) @executable_path/Frameworks";
				PRODUCT_NAME = "$(TARGET_NAME)";
			};
			name = Release;
		};
		AF9BFC5D1A4F2CAB000B88BB /* Debug */ = {
			isa = XCBuildConfiguration;
			buildSettings = {
				BUNDLE_LOADER = "$(TEST_HOST)";
				FRAMEWORK_SEARCH_PATHS = (
					"$(SDKROOT)/Developer/Library/Frameworks",
					"$(inherited)",
				);
				GCC_PREPROCESSOR_DEFINITIONS = (
					"DEBUG=1",
					"$(inherited)",
				);
				INFOPLIST_FILE = "InstagramAPI-SampleTests/Info.plist";
				LD_RUNPATH_SEARCH_PATHS = "$(inherited) @executable_path/Frameworks @loader_path/Frameworks";
				PRODUCT_NAME = "$(TARGET_NAME)";
				TEST_HOST = "$(BUILT_PRODUCTS_DIR)/InstagramAPI-Sample.app/InstagramAPI-Sample";
			};
			name = Debug;
		};
		AF9BFC5E1A4F2CAB000B88BB /* Release */ = {
			isa = XCBuildConfiguration;
			buildSettings = {
				BUNDLE_LOADER = "$(TEST_HOST)";
				FRAMEWORK_SEARCH_PATHS = (
					"$(SDKROOT)/Developer/Library/Frameworks",
					"$(inherited)",
				);
				INFOPLIST_FILE = "InstagramAPI-SampleTests/Info.plist";
				LD_RUNPATH_SEARCH_PATHS = "$(inherited) @executable_path/Frameworks @loader_path/Frameworks";
				PRODUCT_NAME = "$(TARGET_NAME)";
				TEST_HOST = "$(BUILT_PRODUCTS_DIR)/InstagramAPI-Sample.app/InstagramAPI-Sample";
			};
			name = Release;
		};
/* End XCBuildConfiguration section */

/* Begin XCConfigurationList section */
		AF9BFC311A4F2CAB000B88BB /* Build configuration list for PBXProject "InstagramAPI-Sample" */ = {
			isa = XCConfigurationList;
			buildConfigurations = (
				AF9BFC571A4F2CAB000B88BB /* Debug */,
				AF9BFC581A4F2CAB000B88BB /* Release */,
			);
			defaultConfigurationIsVisible = 0;
			defaultConfigurationName = Release;
		};
		AF9BFC591A4F2CAB000B88BB /* Build configuration list for PBXNativeTarget "InstagramAPI-Sample" */ = {
			isa = XCConfigurationList;
			buildConfigurations = (
				AF9BFC5A1A4F2CAB000B88BB /* Debug */,
				AF9BFC5B1A4F2CAB000B88BB /* Release */,
			);
			defaultConfigurationIsVisible = 0;
		};
		AF9BFC5C1A4F2CAB000B88BB /* Build configuration list for PBXNativeTarget "InstagramAPI-SampleTests" */ = {
			isa = XCConfigurationList;
			buildConfigurations = (
				AF9BFC5D1A4F2CAB000B88BB /* Debug */,
				AF9BFC5E1A4F2CAB000B88BB /* Release */,
			);
			defaultConfigurationIsVisible = 0;
		};
/* End XCConfigurationList section */
	};
	rootObject = AF9BFC2E1A4F2CAB000B88BB /* Project object */;
}
